<?xml version="1.0" encoding="utf-8"?>
<Project ToolsVersion="4.0" xmlns="http://schemas.microsoft.com/developer/msbuild/2003">
  <ItemGroup>
    <Filter Include="Resource Files">
      <UniqueIdentifier>{67DA6AB6-F800-4c08-8B7A-83BB121AAD01}</UniqueIdentifier>
      <Extensions>rc;ico;cur;bmp;dlg;rc2;rct;bin;rgs;gif;jpg;jpeg;jpe;resx;tiff;tif;png;wav;mfcribbon-ms</Extensions>
    </Filter>
    <Filter Include="ENGINE">
      <UniqueIdentifier>{670a85c8-22b8-4786-a52d-bacaf33dfdfe}</UniqueIdentifier>
    </Filter>
    <Filter Include="ENGINE\Core">
      <UniqueIdentifier>{1bc4eeb4-801b-4ee3-9af0-6f5ec2611bdc}</UniqueIdentifier>
    </Filter>
    <Filter Include="ENGINE\Core\Scenes">
      <UniqueIdentifier>{2c953ba4-1c79-49b0-8a3c-18e298bab42c}</UniqueIdentifier>
    </Filter>
    <Filter Include="ENGINE\Input">
      <UniqueIdentifier>{1b11326e-4fb7-46b0-922f-21f9cd95c51b}</UniqueIdentifier>
    </Filter>
    <Filter Include="ENGINE\Rendering">
      <UniqueIdentifier>{c5ebe7d0-0580-4234-8013-ef378837b857}</UniqueIdentifier>
    </Filter>
    <Filter Include="ENGINE\Rendering\Meshes">
      <UniqueIdentifier>{9d7a9810-35bd-4999-a0a7-a6b3a49cd7f7}</UniqueIdentifier>
    </Filter>
    <Filter Include="ENGINE\Rendering\Effects">
      <UniqueIdentifier>{c9b58432-7cf2-409e-b1de-08f802c509c1}</UniqueIdentifier>
    </Filter>
    <Filter Include="TETRIS">
      <UniqueIdentifier>{8c282bc0-e61b-4a3b-8f3f-155908be3be4}</UniqueIdentifier>
    </Filter>
    <Filter Include="TETRIS\Scenes">
      <UniqueIdentifier>{9cb8f9c8-d066-43bd-8972-d6720dada6a6}</UniqueIdentifier>
    </Filter>
    <Filter Include="TETRIS\Components">
      <UniqueIdentifier>{708edb9d-8411-413f-83c7-a811d1412665}</UniqueIdentifier>
    </Filter>
    <Filter Include="TETRIS\Singletons">
      <UniqueIdentifier>{8e9be697-8e34-4c35-a7e4-73dd43d8ebd5}</UniqueIdentifier>
    </Filter>
  </ItemGroup>
  <ItemGroup>
    <Text Include="ReadMe.txt" />
  </ItemGroup>
  <ItemGroup>
    <ClInclude Include="targetver.h">
      <Filter>ENGINE\Core</Filter>
    </ClInclude>
    <ClInclude Include="LittleGame.h">
      <Filter>ENGINE\Core</Filter>
    </ClInclude>
    <ClInclude Include="stdafx.h">
      <Filter>ENGINE\Core</Filter>
    </ClInclude>
    <ClInclude Include="System.h">
      <Filter>ENGINE\Core</Filter>
    </ClInclude>
    <ClInclude Include="Singleton.h">
      <Filter>ENGINE\Core</Filter>
    </ClInclude>
    <ClInclude Include="SystemSettings.h">
      <Filter>ENGINE\Core</Filter>
    </ClInclude>
    <ClInclude Include="Renderer.h">
      <Filter>ENGINE\Rendering</Filter>
    </ClInclude>
    <ClInclude Include="Component.h">
      <Filter>ENGINE\Core</Filter>
    </ClInclude>
    <ClInclude Include="GameObject.h">
      <Filter>ENGINE\Core</Filter>
    </ClInclude>
    <ClInclude Include="Camera.h">
      <Filter>ENGINE\Rendering</Filter>
    </ClInclude>
    <ClInclude Include="Scene.h">
      <Filter>ENGINE\Core</Filter>
    </ClInclude>
    <ClInclude Include="Transform.h">
      <Filter>ENGINE\Rendering</Filter>
    </ClInclude>
    <ClInclude Include="Material.h">
      <Filter>ENGINE\Rendering</Filter>
    </ClInclude>
    <ClInclude Include="Mesh.h">
      <Filter>ENGINE\Rendering</Filter>
    </ClInclude>
    <ClInclude Include="MeshSprite.h">
      <Filter>ENGINE\Rendering\Meshes</Filter>
    </ClInclude>
    <ClInclude Include="SceneTest.h">
      <Filter>ENGINE\Core\Scenes</Filter>
    </ClInclude>
    <ClInclude Include="WindowsResource.h">
      <Filter>ENGINE\Core</Filter>
    </ClInclude>
    <ClInclude Include="IdentificationManager.h">
      <Filter>ENGINE\Core</Filter>
    </ClInclude>
    <ClInclude Include="GameResource.h">
      <Filter>ENGINE\Core</Filter>
    </ClInclude>
    <ClInclude Include="Texture.h">
      <Filter>ENGINE\Rendering</Filter>
    </ClInclude>
    <ClInclude Include="ResourceManager.h">
      <Filter>ENGINE\Core</Filter>
    </ClInclude>
    <ClInclude Include="Effect.h">
      <Filter>ENGINE\Rendering</Filter>
    </ClInclude>
    <ClInclude Include="InputManager.h">
      <Filter>ENGINE\Input</Filter>
    </ClInclude>
    <ClInclude Include="Timer.h">
      <Filter>ENGINE\Core</Filter>
    </ClInclude>
    <ClInclude Include="TTSceneGame.h">
      <Filter>TETRIS\Scenes</Filter>
    </ClInclude>
    <ClInclude Include="TTGameController.h">
      <Filter>TETRIS\Components</Filter>
    </ClInclude>
    <ClInclude Include="TTInputHandler.h">
      <Filter>TETRIS\Singletons</Filter>
    </ClInclude>
  </ItemGroup>
  <ItemGroup>
    <ClCompile Include="System.cpp">
      <Filter>ENGINE\Core</Filter>
    </ClCompile>
    <ClCompile Include="LittleGame.cpp">
      <Filter>ENGINE\Core</Filter>
    </ClCompile>
    <ClCompile Include="stdafx.cpp">
      <Filter>ENGINE\Core</Filter>
    </ClCompile>
    <ClCompile Include="Singleton.cpp">
      <Filter>ENGINE\Core</Filter>
    </ClCompile>
    <ClCompile Include="SystemSettings.cpp">
      <Filter>ENGINE\Core</Filter>
    </ClCompile>
    <ClCompile Include="Renderer.cpp">
      <Filter>ENGINE\Rendering</Filter>
    </ClCompile>
    <ClCompile Include="Component.cpp">
      <Filter>ENGINE\Core</Filter>
    </ClCompile>
    <ClCompile Include="GameObject.cpp">
      <Filter>ENGINE\Core</Filter>
    </ClCompile>
    <ClCompile Include="Camera.cpp">
      <Filter>ENGINE\Rendering</Filter>
    </ClCompile>
    <ClCompile Include="Scene.cpp">
      <Filter>ENGINE\Core</Filter>
    </ClCompile>
    <ClCompile Include="Transform.cpp">
      <Filter>ENGINE\Rendering</Filter>
    </ClCompile>
    <ClCompile Include="Material.cpp">
      <Filter>ENGINE\Rendering</Filter>
    </ClCompile>
    <ClCompile Include="Mesh.cpp">
      <Filter>ENGINE\Rendering</Filter>
    </ClCompile>
    <ClCompile Include="MeshSprite.cpp">
      <Filter>ENGINE\Rendering\Meshes</Filter>
    </ClCompile>
    <ClCompile Include="SceneTest.cpp">
      <Filter>ENGINE\Core\Scenes</Filter>
    </ClCompile>
    <ClCompile Include="IdentificationManager.cpp">
      <Filter>ENGINE\Core</Filter>
    </ClCompile>
    <ClCompile Include="GameResource.cpp">
      <Filter>ENGINE\Core</Filter>
    </ClCompile>
    <ClCompile Include="Texture.cpp">
      <Filter>ENGINE\Rendering</Filter>
    </ClCompile>
    <ClCompile Include="ResourceManager.cpp">
      <Filter>ENGINE\Core</Filter>
    </ClCompile>
    <ClCompile Include="Effect.cpp">
      <Filter>ENGINE\Rendering</Filter>
    </ClCompile>
    <ClCompile Include="InputManager.cpp">
      <Filter>ENGINE\Input</Filter>
    </ClCompile>
    <ClCompile Include="Timer.cpp">
      <Filter>ENGINE\Core</Filter>
    </ClCompile>
    <ClCompile Include="TTSceneGame.cpp">
      <Filter>TETRIS\Scenes</Filter>
    </ClCompile>
    <ClCompile Include="TTGameController.cpp">
      <Filter>TETRIS\Components</Filter>
    </ClCompile>
    <ClCompile Include="TTInputHandler.cpp">
      <Filter>TETRIS\Singletons</Filter>
    </ClCompile>
  </ItemGroup>
  <ItemGroup>
    <ResourceCompile Include="LittleGame.rc">
      <Filter>Resource Files</Filter>
    </ResourceCompile>
  </ItemGroup>
  <ItemGroup>
    <Image Include="small.ico">
      <Filter>Resource Files</Filter>
    </Image>
    <Image Include="LittleGame.ico">
      <Filter>Resource Files</Filter>
    </Image>
  </ItemGroup>
  <ItemGroup>
    <FxCompile Include="Assets\Effects\SpriteEffect.fx">
      <Filter>ENGINE\Rendering\Effects</Filter>
    </FxCompile>
  </ItemGroup>
</Project>